PODS:
  - FontAwesome.swift (1.0.0)
  - SkyFloatingLabelTextField (2.0.0)

DEPENDENCIES:
  - FontAwesome.swift (~> 1.0.0)
  - SkyFloatingLabelTextField (~> 2.0.0)

SPEC CHECKSUMS:
  FontAwesome.swift: 2d32a3d62195343c2004b7c9043294ed2948553a
  SkyFloatingLabelTextField: a81a0eaed2785d1599f11484c6ebc1c4eb5d1228

PODFILE CHECKSUM: d0a5ce5ef9a339acfac4433a31f9ec2f5653dd7e

COCOAPODS: 1.1.1
